// !$*UTF8*$!
{
	archiveVersion = 1;
	classes = {
	};
	objectVersion = 46;
	objects = {

/* Begin PBXBuildFile section */
		D8451C8216CAD85400B47664 /* UIKit.framework in Frameworks */ = {isa = PBXBuildFile; fileRef = D8451C8116CAD85400B47664 /* UIKit.framework */; };
		D8451C8416CAD85400B47664 /* Foundation.framework in Frameworks */ = {isa = PBXBuildFile; fileRef = D8451C8316CAD85400B47664 /* Foundation.framework */; };
		D8451C8616CAD85400B47664 /* CoreGraphics.framework in Frameworks */ = {isa = PBXBuildFile; fileRef = D8451C8516CAD85400B47664 /* CoreGraphics.framework */; };
		D8451C8C16CAD85400B47664 /* InfoPlist.strings in Resources */ = {isa = PBXBuildFile; fileRef = D8451C8A16CAD85400B47664 /* InfoPlist.strings */; };
		D8451C8E16CAD85500B47664 /* main.m in Sources */ = {isa = PBXBuildFile; fileRef = D8451C8D16CAD85500B47664 /* main.m */; };
		D8451C9216CAD85500B47664 /* MMAppDelegate.m in Sources */ = {isa = PBXBuildFile; fileRef = D8451C9116CAD85500B47664 /* MMAppDelegate.m */; };
		D8451C9416CAD85500B47664 /* Default.png in Resources */ = {isa = PBXBuildFile; fileRef = D8451C9316CAD85500B47664 /* Default.png */; };
		D8451C9616CAD85500B47664 /* Default@2x.png in Resources */ = {isa = PBXBuildFile; fileRef = D8451C9516CAD85500B47664 /* Default@2x.png */; };
		D8451C9816CAD85500B47664 /* Default-568h@2x.png in Resources */ = {isa = PBXBuildFile; fileRef = D8451C9716CAD85500B47664 /* Default-568h@2x.png */; };
		D8451C9B16CAD85500B47664 /* MMViewController.m in Sources */ = {isa = PBXBuildFile; fileRef = D8451C9A16CAD85500B47664 /* MMViewController.m */; };
		D8451C9E16CAD85500B47664 /* MMViewController.xib in Resources */ = {isa = PBXBuildFile; fileRef = D8451C9C16CAD85500B47664 /* MMViewController.xib */; };
/* End PBXBuildFile section */

/* Begin PBXFileReference section */
		D8451C7E16CAD85400B47664 /* dataForTables.app */ = {isa = PBXFileReference; explicitFileType = wrapper.application; includeInIndex = 0; path = dataForTables.app; sourceTree = BUILT_PRODUCTS_DIR; };
		D8451C8116CAD85400B47664 /* UIKit.framework */ = {isa = PBXFileReference; lastKnownFileType = wrapper.framework; name = UIKit.framework; path = System/Library/Frameworks/UIKit.framework; sourceTree = SDKROOT; };
		D8451C8316CAD85400B47664 /* Foundation.framework */ = {isa = PBXFileReference; lastKnownFileType = wrapper.framework; name = Foundation.framework; path = System/Library/Frameworks/Foundation.framework; sourceTree = SDKROOT; };
		D8451C8516CAD85400B47664 /* CoreGraphics.framework */ = {isa = PBXFileReference; lastKnownFileType = wrapper.framework; name = CoreGraphics.framework; path = System/Library/Frameworks/CoreGraphics.framework; sourceTree = SDKROOT; };
		D8451C8916CAD85400B47664 /* dataForTables-Info.plist */ = {isa = PBXFileReference; lastKnownFileType = text.plist.xml; path = "dataForTables-Info.plist"; sourceTree = "<group>"; };
		D8451C8B16CAD85400B47664 /* en */ = {isa = PBXFileReference; lastKnownFileType = text.plist.strings; name = en; path = en.lproj/InfoPlist.strings; sourceTree = "<group>"; };
		D8451C8D16CAD85500B47664 /* main.m */ = {isa = PBXFileReference; lastKnownFileType = sourcecode.c.objc; path = main.m; sourceTree = "<group>"; };
		D8451C8F16CAD85500B47664 /* dataForTables-Prefix.pch */ = {isa = PBXFileReference; lastKnownFileType = sourcecode.c.h; path = "dataForTables-Prefix.pch"; sourceTree = "<group>"; };
		D8451C9016CAD85500B47664 /* MMAppDelegate.h */ = {isa = PBXFileReference; lastKnownFileType = sourcecode.c.h; path = MMAppDelegate.h; sourceTree = "<group>"; };
		D8451C9116CAD85500B47664 /* MMAppDelegate.m */ = {isa = PBXFileReference; lastKnownFileType = sourcecode.c.objc; path = MMAppDelegate.m; sourceTree = "<group>"; };
		D8451C9316CAD85500B47664 /* Default.png */ = {isa = PBXFileReference; lastKnownFileType = image.png; path = Default.png; sourceTree = "<group>"; };
		D8451C9516CAD85500B47664 /* Default@2x.png */ = {isa = PBXFileReference; lastKnownFileType = image.png; path = "Default@2x.png"; sourceTree = "<group>"; };
		D8451C9716CAD85500B47664 /* Default-568h@2x.png */ = {isa = PBXFileReference; lastKnownFileType = image.png; path = "Default-568h@2x.png"; sourceTree = "<group>"; };
		D8451C9916CAD85500B47664 /* MMViewController.h */ = {isa = PBXFileReference; lastKnownFileType = sourcecode.c.h; path = MMViewController.h; sourceTree = "<group>"; };
		D8451C9A16CAD85500B47664 /* MMViewController.m */ = {isa = PBXFileReference; lastKnownFileType = sourcecode.c.objc; path = MMViewController.m; sourceTree = "<group>"; };
		D8451C9D16CAD85500B47664 /* en */ = {isa = PBXFileReference; lastKnownFileType = file.xib; name = en; path = en.lproj/MMViewController.xib; sourceTree = "<group>"; };
/* End PBXFileReference section */

/* Begin PBXFrameworksBuildPhase section */
		D8451C7B16CAD85400B47664 /* Frameworks */ = {
			isa = PBXFrameworksBuildPhase;
			buildActionMask = 2147483647;
			files = (
				D8451C8216CAD85400B47664 /* UIKit.framework in Frameworks */,
				D8451C8416CAD85400B47664 /* Foundation.framework in Frameworks */,
				D8451C8616CAD85400B47664 /* CoreGraphics.framework in Frameworks */,
			);
			runOnlyForDeploymentPostprocessing = 0;
		};
/* End PBXFrameworksBuildPhase section */

/* Begin PBXGroup section */
		D8451C7516CAD85400B47664 = {
			isa = PBXGroup;
			children = (
				D8451C8716CAD85400B47664 /* dataForTables */,
				D8451C8016CAD85400B47664 /* Frameworks */,
				D8451C7F16CAD85400B47664 /* Products */,
			);
			sourceTree = "<group>";
		};
		D8451C7F16CAD85400B47664 /* Products */ = {
			isa = PBXGroup;
			children = (
				D8451C7E16CAD85400B47664 /* dataForTables.app */,
			);
			name = Products;
			sourceTree = "<group>";
		};
		D8451C8016CAD85400B47664 /* Frameworks */ = {
			isa = PBXGroup;
			children = (
				D8451C8116CAD85400B47664 /* UIKit.framework */,
				D8451C8316CAD85400B47664 /* Foundation.framework */,
				D8451C8516CAD85400B47664 /* CoreGraphics.framework */,
			);
			name = Frameworks;
			sourceTree = "<group>";
		};
		D8451C8716CAD85400B47664 /* dataForTables */ = {
			isa = PBXGroup;
			children = (
				D8451C9016CAD85500B47664 /* MMAppDelegate.h */,
				D8451C9116CAD85500B47664 /* MMAppDelegate.m */,
				D8451C9916CAD85500B47664 /* MMViewController.h */,
				D8451C9A16CAD85500B47664 /* MMViewController.m */,
				D8451C9C16CAD85500B47664 /* MMViewController.xib */,
				D8451C8816CAD85400B47664 /* Supporting Files */,
			);
			path = dataForTables;
			sourceTree = "<group>";
		};
		D8451C8816CAD85400B47664 /* Supporting Files */ = {
			isa = PBXGroup;
			children = (
				D8451C8916CAD85400B47664 /* dataForTables-Info.plist */,
				D8451C8A16CAD85400B47664 /* InfoPlist.strings */,
				D8451C8D16CAD85500B47664 /* main.m */,
				D8451C8F16CAD85500B47664 /* dataForTables-Prefix.pch */,
				D8451C9316CAD85500B47664 /* Default.png */,
				D8451C9516CAD85500B47664 /* Default@2x.png */,
				D8451C9716CAD85500B47664 /* Default-568h@2x.png */,
			);
			name = "Supporting Files";
			sourceTree = "<group>";
		};
/* End PBXGroup section */

/* Begin PBXNativeTarget section */
		D8451C7D16CAD85400B47664 /* dataForTables */ = {
			isa = PBXNativeTarget;
			buildConfigurationList = D8451CA116CAD85500B47664 /* Build configuration list for PBXNativeTarget "dataForTables" */;
			buildPhases = (
				D8451C7A16CAD85400B47664 /* Sources */,
				D8451C7B16CAD85400B47664 /* Frameworks */,
				D8451C7C16CAD85400B47664 /* Resources */,
			);
			buildRules = (
			);
			dependencies = (
			);
			name = dataForTables;
			productName = dataForTables;
			productReference = D8451C7E16CAD85400B47664 /* dataForTables.app */;
			productType = "com.apple.product-type.application";
		};
/* End PBXNativeTarget section */

/* Begin PBXProject section */
		D8451C7616CAD85400B47664 /* Project object */ = {
			isa = PBXProject;
			attributes = {
				CLASSPREFIX = MM;
				LastUpgradeCheck = 0460;
				ORGANIZATIONNAME = "Nathan Levine";
			};
			buildConfigurationList = D8451C7916CAD85400B47664 /* Build configuration list for PBXProject "dataForTables" */;
			compatibilityVersion = "Xcode 3.2";
			developmentRegion = English;
			hasScannedForEncodings = 0;
			knownRegions = (
				en,
			);
			mainGroup = D8451C7516CAD85400B47664;
			productRefGroup = D8451C7F16CAD85400B47664 /* Products */;
			projectDirPath = "";
			projectRoot = "";
			targets = (
				D8451C7D16CAD85400B47664 /* dataForTables */,
			);
		};
/* End PBXProject section */

/* Begin PBXResourcesBuildPhase section */
		D8451C7C16CAD85400B47664 /* Resources */ = {
			isa = PBXResourcesBuildPhase;
			buildActionMask = 2147483647;
			files = (
				D8451C8C16CAD85400B47664 /* InfoPlist.strings in Resources */,
				D8451C9416CAD85500B47664 /* Default.png in Resources */,
				D8451C9616CAD85500B47664 /* Default@2x.png in Resources */,
				D8451C9816CAD85500B47664 /* Default-568h@2x.png in Resources */,
				D8451C9E16CAD85500B47664 /* MMViewController.xib in Resources */,
			);
			runOnlyForDeploymentPostprocessing = 0;
		};
/* End PBXResourcesBuildPhase section */

/* Begin PBXSourcesBuildPhase section */
		D8451C7A16CAD85400B47664 /* Sources */ = {
			isa = PBXSourcesBuildPhase;
			buildActionMask = 2147483647;
			files = (
				D8451C8E16CAD85500B47664 /* main.m in Sources */,
				D8451C9216CAD85500B47664 /* MMAppDelegate.m in Sources */,
				D8451C9B16CAD85500B47664 /* MMViewController.m in Sources */,
			);
			runOnlyForDeploymentPostprocessing = 0;
		};
/* End PBXSourcesBuildPhase section */

/* Begin PBXVariantGroup section */
		D8451C8A16CAD85400B47664 /* InfoPlist.strings */ = {
			isa = PBXVariantGroup;
			children = (
				D8451C8B16CAD85400B47664 /* en */,
			);
			name = InfoPlist.strings;
			sourceTree = "<group>";
		};
		D8451C9C16CAD85500B47664 /* MMViewController.xib */ = {
			isa = PBXVariantGroup;
			children = (
				D8451C9D16CAD85500B47664 /* en */,
			);
			name = MMViewController.xib;
			sourceTree = "<group>";
		};
/* End PBXVariantGroup section */

/* Begin XCBuildConfiguration section */
		D8451C9F16CAD85500B47664 /* Debug */ = {
			isa = XCBuildConfiguration;
			buildSettings = {
				ALWAYS_SEARCH_USER_PATHS = NO;
				CLANG_CXX_LANGUAGE_STANDARD = "gnu++0x";
				CLANG_CXX_LIBRARY = "libc++";
				CLANG_WARN_CONSTANT_CONVERSION = YES;
				CLANG_WARN_EMPTY_BODY = YES;
				CLANG_WARN_ENUM_CONVERSION = YES;
				CLANG_WARN_INT_CONVERSION = YES;
				CLANG_WARN__DUPLICATE_METHOD_MATCH = YES;
				"CODE_SIGN_IDENTITY[sdk=iphoneos*]" = "iPhone Developer";
				COPY_PHASE_STRIP = NO;
				GCC_C_LANGUAGE_STANDARD = gnu99;
				GCC_DYNAMIC_NO_PIC = NO;
				GCC_OPTIMIZATION_LEVEL = 0;
				GCC_PREPROCESSOR_DEFINITIONS = (
					"DEBUG=1",
					"$(inherited)",
				);
				GCC_SYMBOLS_PRIVATE_EXTERN = NO;
				GCC_WARN_ABOUT_RETURN_TYPE = YES;
				GCC_WARN_UNINITIALIZED_AUTOS = YES;
				GCC_WARN_UNUSED_VARIABLE = YES;
				IPHONEOS_DEPLOYMENT_TARGET = 6.1;
				ONLY_ACTIVE_ARCH = YES;
				SDKROOT = iphoneos;
			};
			name = Debug;
		};
		D8451CA016CAD85500B47664 /* Release */ = {
			isa = XCBuildConfiguration;
			buildSettings = {
				ALWAYS_SEARCH_USER_PATHS = NO;
				CLANG_CXX_LANGUAGE_STANDARD = "gnu++0x";
				CLANG_CXX_LIBRARY = "libc++";
				CLANG_WARN_CONSTANT_CONVERSION = YES;
				CLANG_WARN_EMPTY_BODY = YES;
				CLANG_WARN_ENUM_CONVERSION = YES;
				CLANG_WARN_INT_CONVERSION = YES;
				CLANG_WARN__DUPLICATE_METHOD_MATCH = YES;
				"CODE_SIGN_IDENTITY[sdk=iphoneos*]" = "iPhone Developer";
				COPY_PHASE_STRIP = YES;
				GCC_C_LANGUAGE_STANDARD = gnu99;
				GCC_WARN_ABOUT_RETURN_TYPE = YES;
				GCC_WARN_UNINITIALIZED_AUTOS = YES;
				GCC_WARN_UNUSED_VARIABLE = YES;
				IPHONEOS_DEPLOYMENT_TARGET = 6.1;
				OTHER_CFLAGS = "-DNS_BLOCK_ASSERTIONS=1";
				SDKROOT = iphoneos;
				VALIDATE_PRODUCT = YES;
			};
			name = Release;
		};
		D8451CA216CAD85500B47664 /* Debug */ = {
			isa = XCBuildConfiguration;
			buildSettings = {
				GCC_PRECOMPILE_PREFIX_HEADER = YES;
				GCC_PREFIX_HEADER = "dataForTables/dataForTables-Prefix.pch";
				INFOPLIST_FILE = "dataForTables/dataForTables-Info.plist";
				PRODUCT_NAME = "$(TARGET_NAME)";
				WRAPPER_EXTENSION = app;
			};
			name = Debug;
		};
		D8451CA316CAD85500B47664 /* Release */ = {
			isa = XCBuildConfiguration;
			buildSettings = {
				GCC_PRECOMPILE_PREFIX_HEADER = YES;
				GCC_PREFIX_HEADER = "dataForTables/dataForTables-Prefix.pch";
				INFOPLIST_FILE = "dataForTables/dataForTables-Info.plist";
				PRODUCT_NAME = "$(TARGET_NAME)";
				WRAPPER_EXTENSION = app;
			};
			name = Release;
		};
/* End XCBuildConfiguration section */

/* Begin XCConfigurationList section */
		D8451C7916CAD85400B47664 /* Build configuration list for PBXProject "dataForTables" */ = {
			isa = XCConfigurationList;
			buildConfigurations = (
				D8451C9F16CAD85500B47664 /* Debug */,
				D8451CA016CAD85500B47664 /* Release */,
			);
			defaultConfigurationIsVisible = 0;
			defaultConfigurationName = Release;
		};
		D8451CA116CAD85500B47664 /* Build configuration list for PBXNativeTarget "dataForTables" */ = {
			isa = XCConfigurationList;
			buildConfigurations = (
				D8451CA216CAD85500B47664 /* Debug */,
				D8451CA316CAD85500B47664 /* Release */,
			);
			defaultConfigurationIsVisible = 0;
		};
/* End XCConfigurationList section */
	};
	rootObject = D8451C7616CAD85400B47664 /* Project object */;
}
