// !$*UTF8*$!
{
	archiveVersion = 1;
	classes = {
	};
	objectVersion = 46;
	objects = {

/* Begin PBXBuildFile section */
		D85B4F5E16EA7E7F00382B95 /* UIKit.framework in Frameworks */ = {isa = PBXBuildFile; fileRef = D85B4F5D16EA7E7F00382B95 /* UIKit.framework */; };
		D85B4F6016EA7E7F00382B95 /* Foundation.framework in Frameworks */ = {isa = PBXBuildFile; fileRef = D85B4F5F16EA7E7F00382B95 /* Foundation.framework */; };
		D85B4F6216EA7E7F00382B95 /* CoreGraphics.framework in Frameworks */ = {isa = PBXBuildFile; fileRef = D85B4F6116EA7E7F00382B95 /* CoreGraphics.framework */; };
		D85B4F6816EA7E7F00382B95 /* InfoPlist.strings in Resources */ = {isa = PBXBuildFile; fileRef = D85B4F6616EA7E7F00382B95 /* InfoPlist.strings */; };
		D85B4F6A16EA7E7F00382B95 /* main.m in Sources */ = {isa = PBXBuildFile; fileRef = D85B4F6916EA7E7F00382B95 /* main.m */; };
		D85B4F6E16EA7E7F00382B95 /* NNAppDelegate.m in Sources */ = {isa = PBXBuildFile; fileRef = D85B4F6D16EA7E7F00382B95 /* NNAppDelegate.m */; };
		D85B4F7016EA7E7F00382B95 /* Default.png in Resources */ = {isa = PBXBuildFile; fileRef = D85B4F6F16EA7E7F00382B95 /* Default.png */; };
		D85B4F7216EA7E7F00382B95 /* Default@2x.png in Resources */ = {isa = PBXBuildFile; fileRef = D85B4F7116EA7E7F00382B95 /* Default@2x.png */; };
		D85B4F7416EA7E7F00382B95 /* Default-568h@2x.png in Resources */ = {isa = PBXBuildFile; fileRef = D85B4F7316EA7E7F00382B95 /* Default-568h@2x.png */; };
		D85B4F7716EA7E7F00382B95 /* MainStoryboard.storyboard in Resources */ = {isa = PBXBuildFile; fileRef = D85B4F7516EA7E7F00382B95 /* MainStoryboard.storyboard */; };
		D85B4F7A16EA7E7F00382B95 /* NNViewController.m in Sources */ = {isa = PBXBuildFile; fileRef = D85B4F7916EA7E7F00382B95 /* NNViewController.m */; };
		D85B4F8316EA7F0900382B95 /* LexicontextAssets.bundle in Resources */ = {isa = PBXBuildFile; fileRef = D85B4F8116EA7F0900382B95 /* LexicontextAssets.bundle */; };
		D85B4F8416EA7F0900382B95 /* libLexicontext.a in Frameworks */ = {isa = PBXBuildFile; fileRef = D85B4F8216EA7F0900382B95 /* libLexicontext.a */; };
/* End PBXBuildFile section */

/* Begin PBXFileReference section */
		D85B4F5A16EA7E7F00382B95 /* Hangman.app */ = {isa = PBXFileReference; explicitFileType = wrapper.application; includeInIndex = 0; path = Hangman.app; sourceTree = BUILT_PRODUCTS_DIR; };
		D85B4F5D16EA7E7F00382B95 /* UIKit.framework */ = {isa = PBXFileReference; lastKnownFileType = wrapper.framework; name = UIKit.framework; path = System/Library/Frameworks/UIKit.framework; sourceTree = SDKROOT; };
		D85B4F5F16EA7E7F00382B95 /* Foundation.framework */ = {isa = PBXFileReference; lastKnownFileType = wrapper.framework; name = Foundation.framework; path = System/Library/Frameworks/Foundation.framework; sourceTree = SDKROOT; };
		D85B4F6116EA7E7F00382B95 /* CoreGraphics.framework */ = {isa = PBXFileReference; lastKnownFileType = wrapper.framework; name = CoreGraphics.framework; path = System/Library/Frameworks/CoreGraphics.framework; sourceTree = SDKROOT; };
		D85B4F6516EA7E7F00382B95 /* Hangman-Info.plist */ = {isa = PBXFileReference; lastKnownFileType = text.plist.xml; path = "Hangman-Info.plist"; sourceTree = "<group>"; };
		D85B4F6716EA7E7F00382B95 /* en */ = {isa = PBXFileReference; lastKnownFileType = text.plist.strings; name = en; path = en.lproj/InfoPlist.strings; sourceTree = "<group>"; };
		D85B4F6916EA7E7F00382B95 /* main.m */ = {isa = PBXFileReference; lastKnownFileType = sourcecode.c.objc; path = main.m; sourceTree = "<group>"; };
		D85B4F6B16EA7E7F00382B95 /* Hangman-Prefix.pch */ = {isa = PBXFileReference; lastKnownFileType = sourcecode.c.h; path = "Hangman-Prefix.pch"; sourceTree = "<group>"; };
		D85B4F6C16EA7E7F00382B95 /* NNAppDelegate.h */ = {isa = PBXFileReference; lastKnownFileType = sourcecode.c.h; path = NNAppDelegate.h; sourceTree = "<group>"; };
		D85B4F6D16EA7E7F00382B95 /* NNAppDelegate.m */ = {isa = PBXFileReference; lastKnownFileType = sourcecode.c.objc; path = NNAppDelegate.m; sourceTree = "<group>"; };
		D85B4F6F16EA7E7F00382B95 /* Default.png */ = {isa = PBXFileReference; lastKnownFileType = image.png; path = Default.png; sourceTree = "<group>"; };
		D85B4F7116EA7E7F00382B95 /* Default@2x.png */ = {isa = PBXFileReference; lastKnownFileType = image.png; path = "Default@2x.png"; sourceTree = "<group>"; };
		D85B4F7316EA7E7F00382B95 /* Default-568h@2x.png */ = {isa = PBXFileReference; lastKnownFileType = image.png; path = "Default-568h@2x.png"; sourceTree = "<group>"; };
		D85B4F7616EA7E7F00382B95 /* en */ = {isa = PBXFileReference; lastKnownFileType = file.storyboard; name = en; path = en.lproj/MainStoryboard.storyboard; sourceTree = "<group>"; };
		D85B4F7816EA7E7F00382B95 /* NNViewController.h */ = {isa = PBXFileReference; lastKnownFileType = sourcecode.c.h; path = NNViewController.h; sourceTree = "<group>"; };
		D85B4F7916EA7E7F00382B95 /* NNViewController.m */ = {isa = PBXFileReference; lastKnownFileType = sourcecode.c.objc; path = NNViewController.m; sourceTree = "<group>"; };
		D85B4F8016EA7F0900382B95 /* Lexicontext.h */ = {isa = PBXFileReference; fileEncoding = 4; lastKnownFileType = sourcecode.c.h; path = Lexicontext.h; sourceTree = "<group>"; };
		D85B4F8116EA7F0900382B95 /* LexicontextAssets.bundle */ = {isa = PBXFileReference; lastKnownFileType = "wrapper.plug-in"; path = LexicontextAssets.bundle; sourceTree = "<group>"; };
		D85B4F8216EA7F0900382B95 /* libLexicontext.a */ = {isa = PBXFileReference; lastKnownFileType = archive.ar; path = libLexicontext.a; sourceTree = "<group>"; };
/* End PBXFileReference section */

/* Begin PBXFrameworksBuildPhase section */
		D85B4F5716EA7E7F00382B95 /* Frameworks */ = {
			isa = PBXFrameworksBuildPhase;
			buildActionMask = 2147483647;
			files = (
				D85B4F5E16EA7E7F00382B95 /* UIKit.framework in Frameworks */,
				D85B4F6016EA7E7F00382B95 /* Foundation.framework in Frameworks */,
				D85B4F6216EA7E7F00382B95 /* CoreGraphics.framework in Frameworks */,
				D85B4F8416EA7F0900382B95 /* libLexicontext.a in Frameworks */,
			);
			runOnlyForDeploymentPostprocessing = 0;
		};
/* End PBXFrameworksBuildPhase section */

/* Begin PBXGroup section */
		D85B4F5116EA7E7F00382B95 = {
			isa = PBXGroup;
			children = (
				D85B4F6316EA7E7F00382B95 /* Hangman */,
				D85B4F5C16EA7E7F00382B95 /* Frameworks */,
				D85B4F5B16EA7E7F00382B95 /* Products */,
			);
			sourceTree = "<group>";
		};
		D85B4F5B16EA7E7F00382B95 /* Products */ = {
			isa = PBXGroup;
			children = (
				D85B4F5A16EA7E7F00382B95 /* Hangman.app */,
			);
			name = Products;
			sourceTree = "<group>";
		};
		D85B4F5C16EA7E7F00382B95 /* Frameworks */ = {
			isa = PBXGroup;
			children = (
				D85B4F5D16EA7E7F00382B95 /* UIKit.framework */,
				D85B4F5F16EA7E7F00382B95 /* Foundation.framework */,
				D85B4F6116EA7E7F00382B95 /* CoreGraphics.framework */,
			);
			name = Frameworks;
			sourceTree = "<group>";
		};
		D85B4F6316EA7E7F00382B95 /* Hangman */ = {
			isa = PBXGroup;
			children = (
				D85B4F6C16EA7E7F00382B95 /* NNAppDelegate.h */,
				D85B4F6D16EA7E7F00382B95 /* NNAppDelegate.m */,
				D85B4F7516EA7E7F00382B95 /* MainStoryboard.storyboard */,
				D85B4F7816EA7E7F00382B95 /* NNViewController.h */,
				D85B4F7916EA7E7F00382B95 /* NNViewController.m */,
				D85B4F8016EA7F0900382B95 /* Lexicontext.h */,
				D85B4F8116EA7F0900382B95 /* LexicontextAssets.bundle */,
				D85B4F8216EA7F0900382B95 /* libLexicontext.a */,
				D85B4F6416EA7E7F00382B95 /* Supporting Files */,
			);
			path = Hangman;
			sourceTree = "<group>";
		};
		D85B4F6416EA7E7F00382B95 /* Supporting Files */ = {
			isa = PBXGroup;
			children = (
				D85B4F6516EA7E7F00382B95 /* Hangman-Info.plist */,
				D85B4F6616EA7E7F00382B95 /* InfoPlist.strings */,
				D85B4F6916EA7E7F00382B95 /* main.m */,
				D85B4F6B16EA7E7F00382B95 /* Hangman-Prefix.pch */,
				D85B4F6F16EA7E7F00382B95 /* Default.png */,
				D85B4F7116EA7E7F00382B95 /* Default@2x.png */,
				D85B4F7316EA7E7F00382B95 /* Default-568h@2x.png */,
			);
			name = "Supporting Files";
			sourceTree = "<group>";
		};
/* End PBXGroup section */

/* Begin PBXNativeTarget section */
		D85B4F5916EA7E7F00382B95 /* Hangman */ = {
			isa = PBXNativeTarget;
			buildConfigurationList = D85B4F7D16EA7E7F00382B95 /* Build configuration list for PBXNativeTarget "Hangman" */;
			buildPhases = (
				D85B4F5616EA7E7F00382B95 /* Sources */,
				D85B4F5716EA7E7F00382B95 /* Frameworks */,
				D85B4F5816EA7E7F00382B95 /* Resources */,
			);
			buildRules = (
			);
			dependencies = (
			);
			name = Hangman;
			productName = Hangman;
			productReference = D85B4F5A16EA7E7F00382B95 /* Hangman.app */;
			productType = "com.apple.product-type.application";
		};
/* End PBXNativeTarget section */

/* Begin PBXProject section */
		D85B4F5216EA7E7F00382B95 /* Project object */ = {
			isa = PBXProject;
			attributes = {
				CLASSPREFIX = NN;
				LastUpgradeCheck = 0460;
				ORGANIZATIONNAME = "Nathan & Nirav incorporated";
			};
			buildConfigurationList = D85B4F5516EA7E7F00382B95 /* Build configuration list for PBXProject "Hangman" */;
			compatibilityVersion = "Xcode 3.2";
			developmentRegion = English;
			hasScannedForEncodings = 0;
			knownRegions = (
				en,
			);
			mainGroup = D85B4F5116EA7E7F00382B95;
			productRefGroup = D85B4F5B16EA7E7F00382B95 /* Products */;
			projectDirPath = "";
			projectRoot = "";
			targets = (
				D85B4F5916EA7E7F00382B95 /* Hangman */,
			);
		};
/* End PBXProject section */

/* Begin PBXResourcesBuildPhase section */
		D85B4F5816EA7E7F00382B95 /* Resources */ = {
			isa = PBXResourcesBuildPhase;
			buildActionMask = 2147483647;
			files = (
				D85B4F6816EA7E7F00382B95 /* InfoPlist.strings in Resources */,
				D85B4F7016EA7E7F00382B95 /* Default.png in Resources */,
				D85B4F7216EA7E7F00382B95 /* Default@2x.png in Resources */,
				D85B4F7416EA7E7F00382B95 /* Default-568h@2x.png in Resources */,
				D85B4F7716EA7E7F00382B95 /* MainStoryboard.storyboard in Resources */,
				D85B4F8316EA7F0900382B95 /* LexicontextAssets.bundle in Resources */,
			);
			runOnlyForDeploymentPostprocessing = 0;
		};
/* End PBXResourcesBuildPhase section */

/* Begin PBXSourcesBuildPhase section */
		D85B4F5616EA7E7F00382B95 /* Sources */ = {
			isa = PBXSourcesBuildPhase;
			buildActionMask = 2147483647;
			files = (
				D85B4F6A16EA7E7F00382B95 /* main.m in Sources */,
				D85B4F6E16EA7E7F00382B95 /* NNAppDelegate.m in Sources */,
				D85B4F7A16EA7E7F00382B95 /* NNViewController.m in Sources */,
			);
			runOnlyForDeploymentPostprocessing = 0;
		};
/* End PBXSourcesBuildPhase section */

/* Begin PBXVariantGroup section */
		D85B4F6616EA7E7F00382B95 /* InfoPlist.strings */ = {
			isa = PBXVariantGroup;
			children = (
				D85B4F6716EA7E7F00382B95 /* en */,
			);
			name = InfoPlist.strings;
			sourceTree = "<group>";
		};
		D85B4F7516EA7E7F00382B95 /* MainStoryboard.storyboard */ = {
			isa = PBXVariantGroup;
			children = (
				D85B4F7616EA7E7F00382B95 /* en */,
			);
			name = MainStoryboard.storyboard;
			sourceTree = "<group>";
		};
/* End PBXVariantGroup section */

/* Begin XCBuildConfiguration section */
		D85B4F7B16EA7E7F00382B95 /* Debug */ = {
			isa = XCBuildConfiguration;
			buildSettings = {
				ALWAYS_SEARCH_USER_PATHS = NO;
				CLANG_CXX_LANGUAGE_STANDARD = "gnu++0x";
				CLANG_CXX_LIBRARY = "libc++";
				CLANG_ENABLE_OBJC_ARC = YES;
				CLANG_WARN_CONSTANT_CONVERSION = YES;
				CLANG_WARN_EMPTY_BODY = YES;
				CLANG_WARN_ENUM_CONVERSION = YES;
				CLANG_WARN_INT_CONVERSION = YES;
				CLANG_WARN__DUPLICATE_METHOD_MATCH = YES;
				"CODE_SIGN_IDENTITY[sdk=iphoneos*]" = "iPhone Developer";
				COPY_PHASE_STRIP = NO;
				GCC_C_LANGUAGE_STANDARD = gnu99;
				GCC_DYNAMIC_NO_PIC = NO;
				GCC_OPTIMIZATION_LEVEL = 0;
				GCC_PREPROCESSOR_DEFINITIONS = (
					"DEBUG=1",
					"$(inherited)",
				);
				GCC_SYMBOLS_PRIVATE_EXTERN = NO;
				GCC_WARN_ABOUT_RETURN_TYPE = YES;
				GCC_WARN_UNINITIALIZED_AUTOS = YES;
				GCC_WARN_UNUSED_VARIABLE = YES;
				IPHONEOS_DEPLOYMENT_TARGET = 6.1;
				ONLY_ACTIVE_ARCH = YES;
				SDKROOT = iphoneos;
			};
			name = Debug;
		};
		D85B4F7C16EA7E7F00382B95 /* Release */ = {
			isa = XCBuildConfiguration;
			buildSettings = {
				ALWAYS_SEARCH_USER_PATHS = NO;
				CLANG_CXX_LANGUAGE_STANDARD = "gnu++0x";
				CLANG_CXX_LIBRARY = "libc++";
				CLANG_ENABLE_OBJC_ARC = YES;
				CLANG_WARN_CONSTANT_CONVERSION = YES;
				CLANG_WARN_EMPTY_BODY = YES;
				CLANG_WARN_ENUM_CONVERSION = YES;
				CLANG_WARN_INT_CONVERSION = YES;
				CLANG_WARN__DUPLICATE_METHOD_MATCH = YES;
				"CODE_SIGN_IDENTITY[sdk=iphoneos*]" = "iPhone Developer";
				COPY_PHASE_STRIP = YES;
				GCC_C_LANGUAGE_STANDARD = gnu99;
				GCC_WARN_ABOUT_RETURN_TYPE = YES;
				GCC_WARN_UNINITIALIZED_AUTOS = YES;
				GCC_WARN_UNUSED_VARIABLE = YES;
				IPHONEOS_DEPLOYMENT_TARGET = 6.1;
				OTHER_CFLAGS = "-DNS_BLOCK_ASSERTIONS=1";
				SDKROOT = iphoneos;
				VALIDATE_PRODUCT = YES;
			};
			name = Release;
		};
		D85B4F7E16EA7E7F00382B95 /* Debug */ = {
			isa = XCBuildConfiguration;
			buildSettings = {
				GCC_PRECOMPILE_PREFIX_HEADER = YES;
				GCC_PREFIX_HEADER = "Hangman/Hangman-Prefix.pch";
				INFOPLIST_FILE = "Hangman/Hangman-Info.plist";
				LIBRARY_SEARCH_PATHS = (
					"$(inherited)",
					"\"$(SRCROOT)/Hangman\"",
				);
				PRODUCT_NAME = "$(TARGET_NAME)";
				WRAPPER_EXTENSION = app;
			};
			name = Debug;
		};
		D85B4F7F16EA7E7F00382B95 /* Release */ = {
			isa = XCBuildConfiguration;
			buildSettings = {
				GCC_PRECOMPILE_PREFIX_HEADER = YES;
				GCC_PREFIX_HEADER = "Hangman/Hangman-Prefix.pch";
				INFOPLIST_FILE = "Hangman/Hangman-Info.plist";
				LIBRARY_SEARCH_PATHS = (
					"$(inherited)",
					"\"$(SRCROOT)/Hangman\"",
				);
				PRODUCT_NAME = "$(TARGET_NAME)";
				WRAPPER_EXTENSION = app;
			};
			name = Release;
		};
/* End XCBuildConfiguration section */

/* Begin XCConfigurationList section */
		D85B4F5516EA7E7F00382B95 /* Build configuration list for PBXProject "Hangman" */ = {
			isa = XCConfigurationList;
			buildConfigurations = (
				D85B4F7B16EA7E7F00382B95 /* Debug */,
				D85B4F7C16EA7E7F00382B95 /* Release */,
			);
			defaultConfigurationIsVisible = 0;
			defaultConfigurationName = Release;
		};
		D85B4F7D16EA7E7F00382B95 /* Build configuration list for PBXNativeTarget "Hangman" */ = {
			isa = XCConfigurationList;
			buildConfigurations = (
				D85B4F7E16EA7E7F00382B95 /* Debug */,
				D85B4F7F16EA7E7F00382B95 /* Release */,
			);
			defaultConfigurationIsVisible = 0;
		};
/* End XCConfigurationList section */
	};
	rootObject = D85B4F5216EA7E7F00382B95 /* Project object */;
}
