// !$*UTF8*$!
{
	archiveVersion = 1;
	classes = {
	};
	objectVersion = 46;
	objects = {

/* Begin PBXBuildFile section */
		D82ABADD16C9999C00B36EAF /* UIKit.framework in Frameworks */ = {isa = PBXBuildFile; fileRef = D82ABADC16C9999C00B36EAF /* UIKit.framework */; };
		D82ABADF16C9999C00B36EAF /* Foundation.framework in Frameworks */ = {isa = PBXBuildFile; fileRef = D82ABADE16C9999C00B36EAF /* Foundation.framework */; };
		D82ABAE116C9999C00B36EAF /* CoreGraphics.framework in Frameworks */ = {isa = PBXBuildFile; fileRef = D82ABAE016C9999C00B36EAF /* CoreGraphics.framework */; };
		D82ABAE716C9999C00B36EAF /* InfoPlist.strings in Resources */ = {isa = PBXBuildFile; fileRef = D82ABAE516C9999C00B36EAF /* InfoPlist.strings */; };
		D82ABAE916C9999C00B36EAF /* main.m in Sources */ = {isa = PBXBuildFile; fileRef = D82ABAE816C9999C00B36EAF /* main.m */; };
		D82ABAED16C9999C00B36EAF /* MMAppDelegate.m in Sources */ = {isa = PBXBuildFile; fileRef = D82ABAEC16C9999C00B36EAF /* MMAppDelegate.m */; };
		D82ABAEF16C9999C00B36EAF /* Default.png in Resources */ = {isa = PBXBuildFile; fileRef = D82ABAEE16C9999C00B36EAF /* Default.png */; };
		D82ABAF116C9999C00B36EAF /* Default@2x.png in Resources */ = {isa = PBXBuildFile; fileRef = D82ABAF016C9999C00B36EAF /* Default@2x.png */; };
		D82ABAF316C9999C00B36EAF /* Default-568h@2x.png in Resources */ = {isa = PBXBuildFile; fileRef = D82ABAF216C9999C00B36EAF /* Default-568h@2x.png */; };
		D82ABAF616C9999C00B36EAF /* MMViewController.m in Sources */ = {isa = PBXBuildFile; fileRef = D82ABAF516C9999C00B36EAF /* MMViewController.m */; };
		D82ABAF916C9999C00B36EAF /* MMViewController.xib in Resources */ = {isa = PBXBuildFile; fileRef = D82ABAF716C9999C00B36EAF /* MMViewController.xib */; };
/* End PBXBuildFile section */

/* Begin PBXFileReference section */
		D82ABAD916C9999C00B36EAF /* secondDelegate.app */ = {isa = PBXFileReference; explicitFileType = wrapper.application; includeInIndex = 0; path = secondDelegate.app; sourceTree = BUILT_PRODUCTS_DIR; };
		D82ABADC16C9999C00B36EAF /* UIKit.framework */ = {isa = PBXFileReference; lastKnownFileType = wrapper.framework; name = UIKit.framework; path = System/Library/Frameworks/UIKit.framework; sourceTree = SDKROOT; };
		D82ABADE16C9999C00B36EAF /* Foundation.framework */ = {isa = PBXFileReference; lastKnownFileType = wrapper.framework; name = Foundation.framework; path = System/Library/Frameworks/Foundation.framework; sourceTree = SDKROOT; };
		D82ABAE016C9999C00B36EAF /* CoreGraphics.framework */ = {isa = PBXFileReference; lastKnownFileType = wrapper.framework; name = CoreGraphics.framework; path = System/Library/Frameworks/CoreGraphics.framework; sourceTree = SDKROOT; };
		D82ABAE416C9999C00B36EAF /* secondDelegate-Info.plist */ = {isa = PBXFileReference; lastKnownFileType = text.plist.xml; path = "secondDelegate-Info.plist"; sourceTree = "<group>"; };
		D82ABAE616C9999C00B36EAF /* en */ = {isa = PBXFileReference; lastKnownFileType = text.plist.strings; name = en; path = en.lproj/InfoPlist.strings; sourceTree = "<group>"; };
		D82ABAE816C9999C00B36EAF /* main.m */ = {isa = PBXFileReference; lastKnownFileType = sourcecode.c.objc; path = main.m; sourceTree = "<group>"; };
		D82ABAEA16C9999C00B36EAF /* secondDelegate-Prefix.pch */ = {isa = PBXFileReference; lastKnownFileType = sourcecode.c.h; path = "secondDelegate-Prefix.pch"; sourceTree = "<group>"; };
		D82ABAEB16C9999C00B36EAF /* MMAppDelegate.h */ = {isa = PBXFileReference; lastKnownFileType = sourcecode.c.h; path = MMAppDelegate.h; sourceTree = "<group>"; };
		D82ABAEC16C9999C00B36EAF /* MMAppDelegate.m */ = {isa = PBXFileReference; lastKnownFileType = sourcecode.c.objc; path = MMAppDelegate.m; sourceTree = "<group>"; };
		D82ABAEE16C9999C00B36EAF /* Default.png */ = {isa = PBXFileReference; lastKnownFileType = image.png; path = Default.png; sourceTree = "<group>"; };
		D82ABAF016C9999C00B36EAF /* Default@2x.png */ = {isa = PBXFileReference; lastKnownFileType = image.png; path = "Default@2x.png"; sourceTree = "<group>"; };
		D82ABAF216C9999C00B36EAF /* Default-568h@2x.png */ = {isa = PBXFileReference; lastKnownFileType = image.png; path = "Default-568h@2x.png"; sourceTree = "<group>"; };
		D82ABAF416C9999C00B36EAF /* MMViewController.h */ = {isa = PBXFileReference; lastKnownFileType = sourcecode.c.h; path = MMViewController.h; sourceTree = "<group>"; };
		D82ABAF516C9999C00B36EAF /* MMViewController.m */ = {isa = PBXFileReference; lastKnownFileType = sourcecode.c.objc; path = MMViewController.m; sourceTree = "<group>"; };
		D82ABAF816C9999C00B36EAF /* en */ = {isa = PBXFileReference; lastKnownFileType = file.xib; name = en; path = en.lproj/MMViewController.xib; sourceTree = "<group>"; };
/* End PBXFileReference section */

/* Begin PBXFrameworksBuildPhase section */
		D82ABAD616C9999C00B36EAF /* Frameworks */ = {
			isa = PBXFrameworksBuildPhase;
			buildActionMask = 2147483647;
			files = (
				D82ABADD16C9999C00B36EAF /* UIKit.framework in Frameworks */,
				D82ABADF16C9999C00B36EAF /* Foundation.framework in Frameworks */,
				D82ABAE116C9999C00B36EAF /* CoreGraphics.framework in Frameworks */,
			);
			runOnlyForDeploymentPostprocessing = 0;
		};
/* End PBXFrameworksBuildPhase section */

/* Begin PBXGroup section */
		D82ABAD016C9999C00B36EAF = {
			isa = PBXGroup;
			children = (
				D82ABAE216C9999C00B36EAF /* secondDelegate */,
				D82ABADB16C9999C00B36EAF /* Frameworks */,
				D82ABADA16C9999C00B36EAF /* Products */,
			);
			sourceTree = "<group>";
		};
		D82ABADA16C9999C00B36EAF /* Products */ = {
			isa = PBXGroup;
			children = (
				D82ABAD916C9999C00B36EAF /* secondDelegate.app */,
			);
			name = Products;
			sourceTree = "<group>";
		};
		D82ABADB16C9999C00B36EAF /* Frameworks */ = {
			isa = PBXGroup;
			children = (
				D82ABADC16C9999C00B36EAF /* UIKit.framework */,
				D82ABADE16C9999C00B36EAF /* Foundation.framework */,
				D82ABAE016C9999C00B36EAF /* CoreGraphics.framework */,
			);
			name = Frameworks;
			sourceTree = "<group>";
		};
		D82ABAE216C9999C00B36EAF /* secondDelegate */ = {
			isa = PBXGroup;
			children = (
				D82ABAEB16C9999C00B36EAF /* MMAppDelegate.h */,
				D82ABAEC16C9999C00B36EAF /* MMAppDelegate.m */,
				D82ABAF416C9999C00B36EAF /* MMViewController.h */,
				D82ABAF516C9999C00B36EAF /* MMViewController.m */,
				D82ABAF716C9999C00B36EAF /* MMViewController.xib */,
				D82ABAE316C9999C00B36EAF /* Supporting Files */,
			);
			path = secondDelegate;
			sourceTree = "<group>";
		};
		D82ABAE316C9999C00B36EAF /* Supporting Files */ = {
			isa = PBXGroup;
			children = (
				D82ABAE416C9999C00B36EAF /* secondDelegate-Info.plist */,
				D82ABAE516C9999C00B36EAF /* InfoPlist.strings */,
				D82ABAE816C9999C00B36EAF /* main.m */,
				D82ABAEA16C9999C00B36EAF /* secondDelegate-Prefix.pch */,
				D82ABAEE16C9999C00B36EAF /* Default.png */,
				D82ABAF016C9999C00B36EAF /* Default@2x.png */,
				D82ABAF216C9999C00B36EAF /* Default-568h@2x.png */,
			);
			name = "Supporting Files";
			sourceTree = "<group>";
		};
/* End PBXGroup section */

/* Begin PBXNativeTarget section */
		D82ABAD816C9999C00B36EAF /* secondDelegate */ = {
			isa = PBXNativeTarget;
			buildConfigurationList = D82ABAFC16C9999C00B36EAF /* Build configuration list for PBXNativeTarget "secondDelegate" */;
			buildPhases = (
				D82ABAD516C9999C00B36EAF /* Sources */,
				D82ABAD616C9999C00B36EAF /* Frameworks */,
				D82ABAD716C9999C00B36EAF /* Resources */,
			);
			buildRules = (
			);
			dependencies = (
			);
			name = secondDelegate;
			productName = secondDelegate;
			productReference = D82ABAD916C9999C00B36EAF /* secondDelegate.app */;
			productType = "com.apple.product-type.application";
		};
/* End PBXNativeTarget section */

/* Begin PBXProject section */
		D82ABAD116C9999C00B36EAF /* Project object */ = {
			isa = PBXProject;
			attributes = {
				CLASSPREFIX = MM;
				LastUpgradeCheck = 0460;
				ORGANIZATIONNAME = "Nathan Levine";
			};
			buildConfigurationList = D82ABAD416C9999C00B36EAF /* Build configuration list for PBXProject "secondDelegate" */;
			compatibilityVersion = "Xcode 3.2";
			developmentRegion = English;
			hasScannedForEncodings = 0;
			knownRegions = (
				en,
			);
			mainGroup = D82ABAD016C9999C00B36EAF;
			productRefGroup = D82ABADA16C9999C00B36EAF /* Products */;
			projectDirPath = "";
			projectRoot = "";
			targets = (
				D82ABAD816C9999C00B36EAF /* secondDelegate */,
			);
		};
/* End PBXProject section */

/* Begin PBXResourcesBuildPhase section */
		D82ABAD716C9999C00B36EAF /* Resources */ = {
			isa = PBXResourcesBuildPhase;
			buildActionMask = 2147483647;
			files = (
				D82ABAE716C9999C00B36EAF /* InfoPlist.strings in Resources */,
				D82ABAEF16C9999C00B36EAF /* Default.png in Resources */,
				D82ABAF116C9999C00B36EAF /* Default@2x.png in Resources */,
				D82ABAF316C9999C00B36EAF /* Default-568h@2x.png in Resources */,
				D82ABAF916C9999C00B36EAF /* MMViewController.xib in Resources */,
			);
			runOnlyForDeploymentPostprocessing = 0;
		};
/* End PBXResourcesBuildPhase section */

/* Begin PBXSourcesBuildPhase section */
		D82ABAD516C9999C00B36EAF /* Sources */ = {
			isa = PBXSourcesBuildPhase;
			buildActionMask = 2147483647;
			files = (
				D82ABAE916C9999C00B36EAF /* main.m in Sources */,
				D82ABAED16C9999C00B36EAF /* MMAppDelegate.m in Sources */,
				D82ABAF616C9999C00B36EAF /* MMViewController.m in Sources */,
			);
			runOnlyForDeploymentPostprocessing = 0;
		};
/* End PBXSourcesBuildPhase section */

/* Begin PBXVariantGroup section */
		D82ABAE516C9999C00B36EAF /* InfoPlist.strings */ = {
			isa = PBXVariantGroup;
			children = (
				D82ABAE616C9999C00B36EAF /* en */,
			);
			name = InfoPlist.strings;
			sourceTree = "<group>";
		};
		D82ABAF716C9999C00B36EAF /* MMViewController.xib */ = {
			isa = PBXVariantGroup;
			children = (
				D82ABAF816C9999C00B36EAF /* en */,
			);
			name = MMViewController.xib;
			sourceTree = "<group>";
		};
/* End PBXVariantGroup section */

/* Begin XCBuildConfiguration section */
		D82ABAFA16C9999C00B36EAF /* Debug */ = {
			isa = XCBuildConfiguration;
			buildSettings = {
				ALWAYS_SEARCH_USER_PATHS = NO;
				CLANG_CXX_LANGUAGE_STANDARD = "gnu++0x";
				CLANG_CXX_LIBRARY = "libc++";
				CLANG_WARN_CONSTANT_CONVERSION = YES;
				CLANG_WARN_EMPTY_BODY = YES;
				CLANG_WARN_ENUM_CONVERSION = YES;
				CLANG_WARN_INT_CONVERSION = YES;
				CLANG_WARN__DUPLICATE_METHOD_MATCH = YES;
				"CODE_SIGN_IDENTITY[sdk=iphoneos*]" = "iPhone Developer";
				COPY_PHASE_STRIP = NO;
				GCC_C_LANGUAGE_STANDARD = gnu99;
				GCC_DYNAMIC_NO_PIC = NO;
				GCC_OPTIMIZATION_LEVEL = 0;
				GCC_PREPROCESSOR_DEFINITIONS = (
					"DEBUG=1",
					"$(inherited)",
				);
				GCC_SYMBOLS_PRIVATE_EXTERN = NO;
				GCC_WARN_ABOUT_RETURN_TYPE = YES;
				GCC_WARN_UNINITIALIZED_AUTOS = YES;
				GCC_WARN_UNUSED_VARIABLE = YES;
				IPHONEOS_DEPLOYMENT_TARGET = 6.1;
				ONLY_ACTIVE_ARCH = YES;
				SDKROOT = iphoneos;
			};
			name = Debug;
		};
		D82ABAFB16C9999C00B36EAF /* Release */ = {
			isa = XCBuildConfiguration;
			buildSettings = {
				ALWAYS_SEARCH_USER_PATHS = NO;
				CLANG_CXX_LANGUAGE_STANDARD = "gnu++0x";
				CLANG_CXX_LIBRARY = "libc++";
				CLANG_WARN_CONSTANT_CONVERSION = YES;
				CLANG_WARN_EMPTY_BODY = YES;
				CLANG_WARN_ENUM_CONVERSION = YES;
				CLANG_WARN_INT_CONVERSION = YES;
				CLANG_WARN__DUPLICATE_METHOD_MATCH = YES;
				"CODE_SIGN_IDENTITY[sdk=iphoneos*]" = "iPhone Developer";
				COPY_PHASE_STRIP = YES;
				GCC_C_LANGUAGE_STANDARD = gnu99;
				GCC_WARN_ABOUT_RETURN_TYPE = YES;
				GCC_WARN_UNINITIALIZED_AUTOS = YES;
				GCC_WARN_UNUSED_VARIABLE = YES;
				IPHONEOS_DEPLOYMENT_TARGET = 6.1;
				OTHER_CFLAGS = "-DNS_BLOCK_ASSERTIONS=1";
				SDKROOT = iphoneos;
				VALIDATE_PRODUCT = YES;
			};
			name = Release;
		};
		D82ABAFD16C9999C00B36EAF /* Debug */ = {
			isa = XCBuildConfiguration;
			buildSettings = {
				GCC_PRECOMPILE_PREFIX_HEADER = YES;
				GCC_PREFIX_HEADER = "secondDelegate/secondDelegate-Prefix.pch";
				INFOPLIST_FILE = "secondDelegate/secondDelegate-Info.plist";
				PRODUCT_NAME = "$(TARGET_NAME)";
				WRAPPER_EXTENSION = app;
			};
			name = Debug;
		};
		D82ABAFE16C9999C00B36EAF /* Release */ = {
			isa = XCBuildConfiguration;
			buildSettings = {
				GCC_PRECOMPILE_PREFIX_HEADER = YES;
				GCC_PREFIX_HEADER = "secondDelegate/secondDelegate-Prefix.pch";
				INFOPLIST_FILE = "secondDelegate/secondDelegate-Info.plist";
				PRODUCT_NAME = "$(TARGET_NAME)";
				WRAPPER_EXTENSION = app;
			};
			name = Release;
		};
/* End XCBuildConfiguration section */

/* Begin XCConfigurationList section */
		D82ABAD416C9999C00B36EAF /* Build configuration list for PBXProject "secondDelegate" */ = {
			isa = XCConfigurationList;
			buildConfigurations = (
				D82ABAFA16C9999C00B36EAF /* Debug */,
				D82ABAFB16C9999C00B36EAF /* Release */,
			);
			defaultConfigurationIsVisible = 0;
			defaultConfigurationName = Release;
		};
		D82ABAFC16C9999C00B36EAF /* Build configuration list for PBXNativeTarget "secondDelegate" */ = {
			isa = XCConfigurationList;
			buildConfigurations = (
				D82ABAFD16C9999C00B36EAF /* Debug */,
				D82ABAFE16C9999C00B36EAF /* Release */,
			);
			defaultConfigurationIsVisible = 0;
		};
/* End XCConfigurationList section */
	};
	rootObject = D82ABAD116C9999C00B36EAF /* Project object */;
}
